{
    "_readme": [
        "This file locks the dependencies of your project to a known state",
        "Read more about it at http://getcomposer.org/doc/01-basic-usage.md#composer-lock-the-lock-file",
        "This file is @generated automatically"
    ],
    "hash": "4f23aeb2cf8ff17d3f4d2f76431f86b7",
    "packages": [
        {
            "name": "craftsmancoding/formbuilder",
            "version": "dev-master",
            "source": {
                "type": "git",
                "url": "https://github.com/craftsmancoding/formbuilder.git",
                "reference": "ac6fe339b46384c3dab5a6cdaf2a351a35bc98fd"
            },
            "dist": {
                "type": "zip",
                "url": "https://api.github.com/repos/craftsmancoding/formbuilder/zipball/ac6fe339b46384c3dab5a6cdaf2a351a35bc98fd",
                "reference": "ac6fe339b46384c3dab5a6cdaf2a351a35bc98fd",
                "shasum": ""
            },
            "require": {
                "php": ">=5.3.0"
            },
            "type": "library",
            "autoload": {
                "psr-4": {
                    "Formbuilder\\": "src/"
                }
            },
            "authors": [
                {
                    "name": "Everett Griffiths",
                    "email": "everett@craftsmancoding.com"
                }
            ],
            "description": "Generate form elements for forms everywhere.",
            "keywords": [
                "elements",
                "forms",
                "html"
            ],
            "support": {
                "source": "https://github.com/craftsmancoding/formbuilder/tree/master",
                "issues": "https://github.com/craftsmancoding/formbuilder/issues"
            },
            "time": "2014-07-10 00:39:04"
        },
        {
            "name": "craftsmancoding/pagination",
            "version": "dev-master",
            "source": {
                "type": "git",
                "url": "https://github.com/craftsmancoding/pagination.git",
                "reference": "43f28d2fdb3a376bd6c0718d53ba039b5f4288e1"
            },
            "dist": {
                "type": "zip",
                "url": "https://api.github.com/repos/craftsmancoding/pagination/zipball/43f28d2fdb3a376bd6c0718d53ba039b5f4288e1",
                "reference": "43f28d2fdb3a376bd6c0718d53ba039b5f4288e1",
                "shasum": ""
            },
            "require": {
                "php": ">=5.3.0"
            },
            "type": "library",
            "autoload": {
                "psr-4": {
                    "Pagination\\": "src/"
                }
            },
            "authors": [
                {
                    "name": "Everett Griffiths",
                    "email": "everett@craftsmancoding.com"
                }
            ],
            "description": ".",
            "keywords": [
                "pagination"
            ],
            "support": {
                "source": "https://github.com/craftsmancoding/pagination/tree/master",
                "issues": "https://github.com/craftsmancoding/pagination/issues"
            },
            "time": "2014-05-08 16:45:57"
        },
        {
            "name": "ezyang/htmlpurifier",
            "version": "dev-master",
            "source": {
                "type": "git",
                "url": "https://github.com/ezyang/htmlpurifier.git",
                "reference": "80ebd4322e3b98bc25c3ed3effe99a1653bc00fc"
            },
            "dist": {
                "type": "zip",
                "url": "https://api.github.com/repos/ezyang/htmlpurifier/zipball/80ebd4322e3b98bc25c3ed3effe99a1653bc00fc",
                "reference": "80ebd4322e3b98bc25c3ed3effe99a1653bc00fc",
                "shasum": ""
            },
            "require": {
                "php": ">=5.2"
            },
            "type": "library",
            "autoload": {
                "psr-0": {
                    "HTMLPurifier": "library/"
                },
                "files": [
                    "library/HTMLPurifier.composer.php"
                ]
            },
            "notification-url": "https://packagist.org/downloads/",
            "license": [
                "LGPL"
            ],
            "authors": [
                {
                    "name": "Edward Z. Yang",
                    "email": "admin@htmlpurifier.org",
                    "homepage": "http://ezyang.com",
                    "role": "Developer"
                }
            ],
            "description": "Standards compliant HTML filter written in PHP",
            "homepage": "http://htmlpurifier.org/",
            "keywords": [
                "html"
            ],
            "time": "2014-02-04 20:17:24"
        }
    ],
    "packages-dev": [

    ],
    "aliases": [

    ],
    "minimum-stability": "stable",
    "stability-flags": {
        "ezyang/htmlpurifier": 20,
        "craftsmancoding/formbuilder": 20,
        "craftsmancoding/pagination": 20
    },
    "prefer-stable": false,
    "platform": {
        "php": ">=5.3"
    },
    "platform-dev": [

    ]
}
