{
    "_readme": [
        "This file locks the dependencies of your project to a known state",
        "Read more about it at http://getcomposer.org/doc/01-basic-usage.md#composer-lock-the-lock-file",
        "This file is @generated automatically"
    ],
    "hash": "c53d232e0312f2f7cac8059307afea36",
    "packages": [
        {
            "name": "craftsmancoding/formbuilder",
            "version": "dev-master",
            "source": {
                "type": "git",
                "url": "https://github.com/craftsmancoding/formbuilder.git",
                "reference": "5cd6e0605f16a52d76256c710b9c68e8a29c3295"
            },
            "dist": {
                "type": "zip",
                "url": "https://api.github.com/repos/craftsmancoding/formbuilder/zipball/5cd6e0605f16a52d76256c710b9c68e8a29c3295",
                "reference": "5cd6e0605f16a52d76256c710b9c68e8a29c3295",
                "shasum": ""
            },
            "require": {
                "php": ">=5.3.0"
            },
            "type": "library",
            "autoload": {
                "psr-4": {
                    "Formbuilder\\": "src/"
                }
            },
            "authors": [
                {
                    "name": "Everett Griffiths",
                    "email": "everett@craftsmancoding.com"
                }
            ],
            "description": "Generate form elements for forms everywhere.",
            "keywords": [
                "elements",
                "forms",
                "html"
            ],
            "support": {
                "source": "https://github.com/craftsmancoding/formbuilder/tree/master",
                "issues": "https://github.com/craftsmancoding/formbuilder/issues"
            },
            "time": "2014-10-08 02:32:56"
        },
        {
            "name": "craftsmancoding/pagination",
            "version": "dev-master",
            "source": {
                "type": "git",
                "url": "https://github.com/craftsmancoding/pagination.git",
                "reference": "bfecefbe1db76bc2adb51a18e5a8e7ef8de2631a"
            },
            "dist": {
                "type": "zip",
                "url": "https://api.github.com/repos/craftsmancoding/pagination/zipball/bfecefbe1db76bc2adb51a18e5a8e7ef8de2631a",
                "reference": "bfecefbe1db76bc2adb51a18e5a8e7ef8de2631a",
                "shasum": ""
            },
            "require": {
                "php": ">=5.3.0"
            },
            "type": "library",
            "autoload": {
                "psr-4": {
                    "Pagination\\": "src/"
                }
            },
            "authors": [
                {
                    "name": "Everett Griffiths",
                    "email": "everett@craftsmancoding.com"
                }
            ],
            "description": ".",
            "keywords": [
                "pagination"
            ],
            "support": {
                "source": "https://github.com/craftsmancoding/pagination/tree/master",
                "issues": "https://github.com/craftsmancoding/pagination/issues"
            },
            "time": "2014-10-16 05:38:01"
        },
        {
            "name": "ezyang/htmlpurifier",
            "version": "dev-master",
            "source": {
                "type": "git",
                "url": "https://github.com/ezyang/htmlpurifier.git",
                "reference": "cd60294ada5245c5835baebf0dbb3f44ee851317"
            },
            "dist": {
                "type": "zip",
                "url": "https://api.github.com/repos/ezyang/htmlpurifier/zipball/cd60294ada5245c5835baebf0dbb3f44ee851317",
                "reference": "cd60294ada5245c5835baebf0dbb3f44ee851317",
                "shasum": ""
            },
            "require": {
                "php": ">=5.2"
            },
            "type": "library",
            "autoload": {
                "psr-0": {
                    "HTMLPurifier": "library/"
                },
                "files": [
                    "library/HTMLPurifier.composer.php"
                ]
            },
            "notification-url": "https://packagist.org/downloads/",
            "license": [
                "LGPL"
            ],
            "authors": [
                {
                    "name": "Edward Z. Yang",
                    "email": "admin@htmlpurifier.org",
                    "homepage": "http://ezyang.com"
                }
            ],
            "description": "Standards compliant HTML filter written in PHP",
            "homepage": "http://htmlpurifier.org/",
            "keywords": [
                "html"
            ],
            "time": "2014-08-31 11:12:38"
        }
    ],
    "packages-dev": [],
    "aliases": [],
    "minimum-stability": "stable",
    "stability-flags": {
        "ezyang/htmlpurifier": 20,
        "craftsmancoding/formbuilder": 20,
        "craftsmancoding/pagination": 20
    },
    "prefer-stable": false,
    "platform": {
        "php": ">=5.3"
    },
    "platform-dev": []
}
